
Microsoft Visual Studio Solution File, Format Version 12.00
# Visual Studio Version 17
VisualStudioVersion = 17.9.34723.18
MinimumVisualStudioVersion = 10.0.40219.1
Project("{FAE04EC0-301F-11D3-BF4B-00C04F79EFBC}") = "AccessTokenCreated1", "AccessTokenCreated1.csproj", "{AF6E7006-CEDE-4A09-91A0-054870791BF2}"
EndProject
Global
	GlobalSection(SolutionConfigurationPlatforms) = preSolution
		Debug|Any CPU = Debug|Any CPU
		Release|Any CPU = Release|Any CPU
	EndGlobalSection
	GlobalSection(ProjectConfigurationPlatforms) = postSolution
		{AF6E7006-CEDE-4A09-91A0-054870791BF2}.Debug|Any CPU.ActiveCfg = Debug|Any CPU
		{AF6E7006-CEDE-4A09-91A0-054870791BF2}.Debug|Any CPU.Build.0 = Debug|Any CPU
		{AF6E7006-CEDE-4A09-91A0-054870791BF2}.Release|Any CPU.ActiveCfg = Release|Any CPU
		{AF6E7006-CEDE-4A09-91A0-054870791BF2}.Release|Any CPU.Build.0 = Release|Any CPU
	EndGlobalSection
	GlobalSection(SolutionProperties) = preSolution
		HideSolutionNode = FALSE
	EndGlobalSection
	GlobalSection(ExtensibilityGlobals) = postSolution
		SolutionGuid = {C1462E76-4B5E-4A59-ACB4-1B31BC1692EC}
	EndGlobalSection
EndGlobal
